
Microsoft Visual Studio Solution File, Format Version 12.00
# Visual Studio 14
VisualStudioVersion = 14.0.25123.0
MinimumVisualStudioVersion = 10.0.40219.1
Project("{FAE04EC0-301F-11D3-BF4B-00C04F79EFBC}") = "SharpDash", "SharpDash\SharpDash.csproj", "{AB5236E3-6B16-471E-ADC6-85B8815A3431}"
EndProject
Project("{FAE04EC0-301F-11D3-BF4B-00C04F79EFBC}") = "SharpDashTest", "SharpDashTest\SharpDashTest.csproj", "{68BEA459-5574-4AD6-9AF5-28CC1E3CCFF2}"
EndProject
Global
	GlobalSection(SolutionConfigurationPlatforms) = preSolution
		Debug|Any CPU = Debug|Any CPU
		Release|Any CPU = Release|Any CPU
	EndGlobalSection
	GlobalSection(ProjectConfigurationPlatforms) = postSolution
		{AB5236E3-6B16-471E-ADC6-85B8815A3431}.Debug|Any CPU.ActiveCfg = Debug|Any CPU
		{AB5236E3-6B16-471E-ADC6-85B8815A3431}.Debug|Any CPU.Build.0 = Debug|Any CPU
		{AB5236E3-6B16-471E-ADC6-85B8815A3431}.Release|Any CPU.ActiveCfg = Release|Any CPU
		{AB5236E3-6B16-471E-ADC6-85B8815A3431}.Release|Any CPU.Build.0 = Release|Any CPU
		{68BEA459-5574-4AD6-9AF5-28CC1E3CCFF2}.Debug|Any CPU.ActiveCfg = Debug|Any CPU
		{68BEA459-5574-4AD6-9AF5-28CC1E3CCFF2}.Debug|Any CPU.Build.0 = Debug|Any CPU
		{68BEA459-5574-4AD6-9AF5-28CC1E3CCFF2}.Release|Any CPU.ActiveCfg = Release|Any CPU
		{68BEA459-5574-4AD6-9AF5-28CC1E3CCFF2}.Release|Any CPU.Build.0 = Release|Any CPU
	EndGlobalSection
	GlobalSection(SolutionProperties) = preSolution
		HideSolutionNode = FALSE
	EndGlobalSection
EndGlobal
